// !$*UTF8*$!
{
	archiveVersion = 1;
	classes = {
	};
	objectVersion = 56;
	objects = {

/* Begin PBXBuildFile section */
		100CE4DC2AD0A7CC00B15748 /* NavigationDemoApp.swift in Sources */ = {isa = PBXBuildFile; fileRef = 100CE4DB2AD0A7CC00B15748 /* NavigationDemoApp.swift */; };
		100CE4DE2AD0A7CC00B15748 /* ContentView.swift in Sources */ = {isa = PBXBuildFile; fileRef = 100CE4DD2AD0A7CC00B15748 /* ContentView.swift */; };
		100CE4E02AD0A7CF00B15748 /* Assets.xcassets in Resources */ = {isa = PBXBuildFile; fileRef = 100CE4DF2AD0A7CF00B15748 /* Assets.xcassets */; };
		100CE4E42AD0A7CF00B15748 /* Preview Assets.xcassets in Resources */ = {isa = PBXBuildFile; fileRef = 100CE4E32AD0A7CF00B15748 /* Preview Assets.xcassets */; };
		100CE4EE2AD0A7D000B15748 /* NavigationDemoTests.swift in Sources */ = {isa = PBXBuildFile; fileRef = 100CE4ED2AD0A7D000B15748 /* NavigationDemoTests.swift */; };
		100CE4F82AD0A7D000B15748 /* NavigationDemoUITests.swift in Sources */ = {isa = PBXBuildFile; fileRef = 100CE4F72AD0A7D000B15748 /* NavigationDemoUITests.swift */; };
		100CE4FA2AD0A7D000B15748 /* NavigationDemoUITestsLaunchTests.swift in Sources */ = {isa = PBXBuildFile; fileRef = 100CE4F92AD0A7D000B15748 /* NavigationDemoUITestsLaunchTests.swift */; };
		100CE5082AD0A84A00B15748 /* HomeView.swift in Sources */ = {isa = PBXBuildFile; fileRef = 100CE5072AD0A84A00B15748 /* HomeView.swift */; };
		100CE50A2AD0A85B00B15748 /* ProfileView.swift in Sources */ = {isa = PBXBuildFile; fileRef = 100CE5092AD0A85B00B15748 /* ProfileView.swift */; };
		100CE50E2AD0A87600B15748 /* PersonDetailView.swift in Sources */ = {isa = PBXBuildFile; fileRef = 100CE50D2AD0A87600B15748 /* PersonDetailView.swift */; };
		100CE5102AD0A8A500B15748 /* SearchView.swift in Sources */ = {isa = PBXBuildFile; fileRef = 100CE50F2AD0A8A500B15748 /* SearchView.swift */; };
		100CE5132AD0A8B500B15748 /* Person.swift in Sources */ = {isa = PBXBuildFile; fileRef = 100CE5122AD0A8B500B15748 /* Person.swift */; };
		100CE5152AD0A8C800B15748 /* Router.swift in Sources */ = {isa = PBXBuildFile; fileRef = 100CE5142AD0A8C800B15748 /* Router.swift */; };
		100CE51D2AD4265400B15748 /* View+Routing.swift in Sources */ = {isa = PBXBuildFile; fileRef = 100CE51C2AD4265400B15748 /* View+Routing.swift */; };
		100CE5202AD4281100B15748 /* SheetWithNavigationStackModifier.swift in Sources */ = {isa = PBXBuildFile; fileRef = 100CE51F2AD4281100B15748 /* SheetWithNavigationStackModifier.swift */; };
		100CE5222AD433C500B15748 /* RouterRootView.swift in Sources */ = {isa = PBXBuildFile; fileRef = 100CE5212AD433C500B15748 /* RouterRootView.swift */; };
/* End PBXBuildFile section */

/* Begin PBXContainerItemProxy section */
		100CE4EA2AD0A7D000B15748 /* PBXContainerItemProxy */ = {
			isa = PBXContainerItemProxy;
			containerPortal = 100CE4D02AD0A7CC00B15748 /* Project object */;
			proxyType = 1;
			remoteGlobalIDString = 100CE4D72AD0A7CC00B15748;
			remoteInfo = NavigationDemo;
		};
		100CE4F42AD0A7D000B15748 /* PBXContainerItemProxy */ = {
			isa = PBXContainerItemProxy;
			containerPortal = 100CE4D02AD0A7CC00B15748 /* Project object */;
			proxyType = 1;
			remoteGlobalIDString = 100CE4D72AD0A7CC00B15748;
			remoteInfo = NavigationDemo;
		};
/* End PBXContainerItemProxy section */

/* Begin PBXFileReference section */
		100CE4D82AD0A7CC00B15748 /* NavigationDemo.app */ = {isa = PBXFileReference; explicitFileType = wrapper.application; includeInIndex = 0; path = NavigationDemo.app; sourceTree = BUILT_PRODUCTS_DIR; };
		100CE4DB2AD0A7CC00B15748 /* NavigationDemoApp.swift */ = {isa = PBXFileReference; lastKnownFileType = sourcecode.swift; path = NavigationDemoApp.swift; sourceTree = "<group>"; };
		100CE4DD2AD0A7CC00B15748 /* ContentView.swift */ = {isa = PBXFileReference; lastKnownFileType = sourcecode.swift; path = ContentView.swift; sourceTree = "<group>"; };
		100CE4DF2AD0A7CF00B15748 /* Assets.xcassets */ = {isa = PBXFileReference; lastKnownFileType = folder.assetcatalog; path = Assets.xcassets; sourceTree = "<group>"; };
		100CE4E12AD0A7CF00B15748 /* NavigationDemo.entitlements */ = {isa = PBXFileReference; lastKnownFileType = text.plist.entitlements; path = NavigationDemo.entitlements; sourceTree = "<group>"; };
		100CE4E32AD0A7CF00B15748 /* Preview Assets.xcassets */ = {isa = PBXFileReference; lastKnownFileType = folder.assetcatalog; path = "Preview Assets.xcassets"; sourceTree = "<group>"; };
		100CE4E92AD0A7D000B15748 /* NavigationDemoTests.xctest */ = {isa = PBXFileReference; explicitFileType = wrapper.cfbundle; includeInIndex = 0; path = NavigationDemoTests.xctest; sourceTree = BUILT_PRODUCTS_DIR; };
		100CE4ED2AD0A7D000B15748 /* NavigationDemoTests.swift */ = {isa = PBXFileReference; lastKnownFileType = sourcecode.swift; path = NavigationDemoTests.swift; sourceTree = "<group>"; };
		100CE4F32AD0A7D000B15748 /* NavigationDemoUITests.xctest */ = {isa = PBXFileReference; explicitFileType = wrapper.cfbundle; includeInIndex = 0; path = NavigationDemoUITests.xctest; sourceTree = BUILT_PRODUCTS_DIR; };
		100CE4F72AD0A7D000B15748 /* NavigationDemoUITests.swift */ = {isa = PBXFileReference; lastKnownFileType = sourcecode.swift; path = NavigationDemoUITests.swift; sourceTree = "<group>"; };
		100CE4F92AD0A7D000B15748 /* NavigationDemoUITestsLaunchTests.swift */ = {isa = PBXFileReference; lastKnownFileType = sourcecode.swift; path = NavigationDemoUITestsLaunchTests.swift; sourceTree = "<group>"; };
		100CE5072AD0A84A00B15748 /* HomeView.swift */ = {isa = PBXFileReference; lastKnownFileType = sourcecode.swift; path = HomeView.swift; sourceTree = "<group>"; };
		100CE5092AD0A85B00B15748 /* ProfileView.swift */ = {isa = PBXFileReference; lastKnownFileType = sourcecode.swift; path = ProfileView.swift; sourceTree = "<group>"; };
		100CE50D2AD0A87600B15748 /* PersonDetailView.swift */ = {isa = PBXFileReference; lastKnownFileType = sourcecode.swift; path = PersonDetailView.swift; sourceTree = "<group>"; };
		100CE50F2AD0A8A500B15748 /* SearchView.swift */ = {isa = PBXFileReference; lastKnownFileType = sourcecode.swift; path = SearchView.swift; sourceTree = "<group>"; };
		100CE5122AD0A8B500B15748 /* Person.swift */ = {isa = PBXFileReference; lastKnownFileType = sourcecode.swift; path = Person.swift; sourceTree = "<group>"; };
		100CE5142AD0A8C800B15748 /* Router.swift */ = {isa = PBXFileReference; lastKnownFileType = sourcecode.swift; path = Router.swift; sourceTree = "<group>"; };
		100CE51C2AD4265400B15748 /* View+Routing.swift */ = {isa = PBXFileReference; lastKnownFileType = sourcecode.swift; path = "View+Routing.swift"; sourceTree = "<group>"; };
		100CE51F2AD4281100B15748 /* SheetWithNavigationStackModifier.swift */ = {isa = PBXFileReference; lastKnownFileType = sourcecode.swift; path = SheetWithNavigationStackModifier.swift; sourceTree = "<group>"; };
		100CE5212AD433C500B15748 /* RouterRootView.swift */ = {isa = PBXFileReference; lastKnownFileType = sourcecode.swift; path = RouterRootView.swift; sourceTree = "<group>"; };
/* End PBXFileReference section */

/* Begin PBXFrameworksBuildPhase section */
		100CE4D52AD0A7CC00B15748 /* Frameworks */ = {
			isa = PBXFrameworksBuildPhase;
			buildActionMask = 2147483647;
			files = (
			);
			runOnlyForDeploymentPostprocessing = 0;
		};
		100CE4E62AD0A7D000B15748 /* Frameworks */ = {
			isa = PBXFrameworksBuildPhase;
			buildActionMask = 2147483647;
			files = (
			);
			runOnlyForDeploymentPostprocessing = 0;
		};
		100CE4F02AD0A7D000B15748 /* Frameworks */ = {
			isa = PBXFrameworksBuildPhase;
			buildActionMask = 2147483647;
			files = (
			);
			runOnlyForDeploymentPostprocessing = 0;
		};
/* End PBXFrameworksBuildPhase section */

/* Begin PBXGroup section */
		100CE4CF2AD0A7CC00B15748 = {
			isa = PBXGroup;
			children = (
				100CE4DA2AD0A7CC00B15748 /* NavigationDemo */,
				100CE4EC2AD0A7D000B15748 /* NavigationDemoTests */,
				100CE4F62AD0A7D000B15748 /* NavigationDemoUITests */,
				100CE4D92AD0A7CC00B15748 /* Products */,
			);
			sourceTree = "<group>";
		};
		100CE4D92AD0A7CC00B15748 /* Products */ = {
			isa = PBXGroup;
			children = (
				100CE4D82AD0A7CC00B15748 /* NavigationDemo.app */,
				100CE4E92AD0A7D000B15748 /* NavigationDemoTests.xctest */,
				100CE4F32AD0A7D000B15748 /* NavigationDemoUITests.xctest */,
			);
			name = Products;
			sourceTree = "<group>";
		};
		100CE4DA2AD0A7CC00B15748 /* NavigationDemo */ = {
			isa = PBXGroup;
			children = (
				100CE51A2AD4263D00B15748 /* Routing */,
				100CE5112AD0A8A900B15748 /* Models */,
				100CE5062AD0A83C00B15748 /* Views */,
				100CE4DB2AD0A7CC00B15748 /* NavigationDemoApp.swift */,
				100CE4DD2AD0A7CC00B15748 /* ContentView.swift */,
				100CE4DF2AD0A7CF00B15748 /* Assets.xcassets */,
				100CE4E12AD0A7CF00B15748 /* NavigationDemo.entitlements */,
				100CE4E22AD0A7CF00B15748 /* Preview Content */,
			);
			path = NavigationDemo;
			sourceTree = "<group>";
		};
		100CE4E22AD0A7CF00B15748 /* Preview Content */ = {
			isa = PBXGroup;
			children = (
				100CE4E32AD0A7CF00B15748 /* Preview Assets.xcassets */,
			);
			path = "Preview Content";
			sourceTree = "<group>";
		};
		100CE4EC2AD0A7D000B15748 /* NavigationDemoTests */ = {
			isa = PBXGroup;
			children = (
				100CE4ED2AD0A7D000B15748 /* NavigationDemoTests.swift */,
			);
			path = NavigationDemoTests;
			sourceTree = "<group>";
		};
		100CE4F62AD0A7D000B15748 /* NavigationDemoUITests */ = {
			isa = PBXGroup;
			children = (
				100CE4F72AD0A7D000B15748 /* NavigationDemoUITests.swift */,
				100CE4F92AD0A7D000B15748 /* NavigationDemoUITestsLaunchTests.swift */,
			);
			path = NavigationDemoUITests;
			sourceTree = "<group>";
		};
		100CE5062AD0A83C00B15748 /* Views */ = {
			isa = PBXGroup;
			children = (
				100CE5072AD0A84A00B15748 /* HomeView.swift */,
				100CE5092AD0A85B00B15748 /* ProfileView.swift */,
				100CE50D2AD0A87600B15748 /* PersonDetailView.swift */,
				100CE50F2AD0A8A500B15748 /* SearchView.swift */,
			);
			path = Views;
			sourceTree = "<group>";
		};
		100CE5112AD0A8A900B15748 /* Models */ = {
			isa = PBXGroup;
			children = (
				100CE5122AD0A8B500B15748 /* Person.swift */,
			);
			path = Models;
			sourceTree = "<group>";
		};
		100CE51A2AD4263D00B15748 /* Routing */ = {
			isa = PBXGroup;
			children = (
				100CE51E2AD427EC00B15748 /* Views */,
				100CE5142AD0A8C800B15748 /* Router.swift */,
				100CE51B2AD4264100B15748 /* Extensions */,
			);
			path = Routing;
			sourceTree = "<group>";
		};
		100CE51B2AD4264100B15748 /* Extensions */ = {
			isa = PBXGroup;
			children = (
				100CE51C2AD4265400B15748 /* View+Routing.swift */,
			);
			path = Extensions;
			sourceTree = "<group>";
		};
		100CE51E2AD427EC00B15748 /* Views */ = {
			isa = PBXGroup;
			children = (
				100CE51F2AD4281100B15748 /* SheetWithNavigationStackModifier.swift */,
				100CE5212AD433C500B15748 /* RouterRootView.swift */,
			);
			path = Views;
			sourceTree = "<group>";
		};
/* End PBXGroup section */

/* Begin PBXNativeTarget section */
		100CE4D72AD0A7CC00B15748 /* NavigationDemo */ = {
			isa = PBXNativeTarget;
			buildConfigurationList = 100CE4FD2AD0A7D000B15748 /* Build configuration list for PBXNativeTarget "NavigationDemo" */;
			buildPhases = (
				100CE4D42AD0A7CC00B15748 /* Sources */,
				100CE4D52AD0A7CC00B15748 /* Frameworks */,
				100CE4D62AD0A7CC00B15748 /* Resources */,
			);
			buildRules = (
			);
			dependencies = (
			);
			name = NavigationDemo;
			productName = NavigationDemo;
			productReference = 100CE4D82AD0A7CC00B15748 /* NavigationDemo.app */;
			productType = "com.apple.product-type.application";
		};
		100CE4E82AD0A7D000B15748 /* NavigationDemoTests */ = {
			isa = PBXNativeTarget;
			buildConfigurationList = 100CE5002AD0A7D000B15748 /* Build configuration list for PBXNativeTarget "NavigationDemoTests" */;
			buildPhases = (
				100CE4E52AD0A7D000B15748 /* Sources */,
				100CE4E62AD0A7D000B15748 /* Frameworks */,
				100CE4E72AD0A7D000B15748 /* Resources */,
			);
			buildRules = (
			);
			dependencies = (
				100CE4EB2AD0A7D000B15748 /* PBXTargetDependency */,
			);
			name = NavigationDemoTests;
			productName = NavigationDemoTests;
			productReference = 100CE4E92AD0A7D000B15748 /* NavigationDemoTests.xctest */;
			productType = "com.apple.product-type.bundle.unit-test";
		};
		100CE4F22AD0A7D000B15748 /* NavigationDemoUITests */ = {
			isa = PBXNativeTarget;
			buildConfigurationList = 100CE5032AD0A7D000B15748 /* Build configuration list for PBXNativeTarget "NavigationDemoUITests" */;
			buildPhases = (
				100CE4EF2AD0A7D000B15748 /* Sources */,
				100CE4F02AD0A7D000B15748 /* Frameworks */,
				100CE4F12AD0A7D000B15748 /* Resources */,
			);
			buildRules = (
			);
			dependencies = (
				100CE4F52AD0A7D000B15748 /* PBXTargetDependency */,
			);
			name = NavigationDemoUITests;
			productName = NavigationDemoUITests;
			productReference = 100CE4F32AD0A7D000B15748 /* NavigationDemoUITests.xctest */;
			productType = "com.apple.product-type.bundle.ui-testing";
		};
/* End PBXNativeTarget section */

/* Begin PBXProject section */
		100CE4D02AD0A7CC00B15748 /* Project object */ = {
			isa = PBXProject;
			attributes = {
				BuildIndependentTargetsInParallel = 1;
				LastSwiftUpdateCheck = 1500;
				LastUpgradeCheck = 1500;
				TargetAttributes = {
					100CE4D72AD0A7CC00B15748 = {
						CreatedOnToolsVersion = 15.0;
					};
					100CE4E82AD0A7D000B15748 = {
						CreatedOnToolsVersion = 15.0;
						TestTargetID = 100CE4D72AD0A7CC00B15748;
					};
					100CE4F22AD0A7D000B15748 = {
						CreatedOnToolsVersion = 15.0;
						TestTargetID = 100CE4D72AD0A7CC00B15748;
					};
				};
			};
			buildConfigurationList = 100CE4D32AD0A7CC00B15748 /* Build configuration list for PBXProject "NavigationDemo" */;
			compatibilityVersion = "Xcode 14.0";
			developmentRegion = en;
			hasScannedForEncodings = 0;
			knownRegions = (
				en,
				Base,
			);
			mainGroup = 100CE4CF2AD0A7CC00B15748;
			productRefGroup = 100CE4D92AD0A7CC00B15748 /* Products */;
			projectDirPath = "";
			projectRoot = "";
			targets = (
				100CE4D72AD0A7CC00B15748 /* NavigationDemo */,
				100CE4E82AD0A7D000B15748 /* NavigationDemoTests */,
				100CE4F22AD0A7D000B15748 /* NavigationDemoUITests */,
			);
		};
/* End PBXProject section */

/* Begin PBXResourcesBuildPhase section */
		100CE4D62AD0A7CC00B15748 /* Resources */ = {
			isa = PBXResourcesBuildPhase;
			buildActionMask = 2147483647;
			files = (
				100CE4E42AD0A7CF00B15748 /* Preview Assets.xcassets in Resources */,
				100CE4E02AD0A7CF00B15748 /* Assets.xcassets in Resources */,
			);
			runOnlyForDeploymentPostprocessing = 0;
		};
		100CE4E72AD0A7D000B15748 /* Resources */ = {
			isa = PBXResourcesBuildPhase;
			buildActionMask = 2147483647;
			files = (
			);
			runOnlyForDeploymentPostprocessing = 0;
		};
		100CE4F12AD0A7D000B15748 /* Resources */ = {
			isa = PBXResourcesBuildPhase;
			buildActionMask = 2147483647;
			files = (
			);
			runOnlyForDeploymentPostprocessing = 0;
		};
/* End PBXResourcesBuildPhase section */

/* Begin PBXSourcesBuildPhase section */
		100CE4D42AD0A7CC00B15748 /* Sources */ = {
			isa = PBXSourcesBuildPhase;
			buildActionMask = 2147483647;
			files = (
				100CE50A2AD0A85B00B15748 /* ProfileView.swift in Sources */,
				100CE5082AD0A84A00B15748 /* HomeView.swift in Sources */,
				100CE5102AD0A8A500B15748 /* SearchView.swift in Sources */,
				100CE5152AD0A8C800B15748 /* Router.swift in Sources */,
				100CE51D2AD4265400B15748 /* View+Routing.swift in Sources */,
				100CE4DE2AD0A7CC00B15748 /* ContentView.swift in Sources */,
				100CE50E2AD0A87600B15748 /* PersonDetailView.swift in Sources */,
				100CE5132AD0A8B500B15748 /* Person.swift in Sources */,
				100CE4DC2AD0A7CC00B15748 /* NavigationDemoApp.swift in Sources */,
				100CE5222AD433C500B15748 /* RouterRootView.swift in Sources */,
				100CE5202AD4281100B15748 /* SheetWithNavigationStackModifier.swift in Sources */,
			);
			runOnlyForDeploymentPostprocessing = 0;
		};
		100CE4E52AD0A7D000B15748 /* Sources */ = {
			isa = PBXSourcesBuildPhase;
			buildActionMask = 2147483647;
			files = (
				100CE4EE2AD0A7D000B15748 /* NavigationDemoTests.swift in Sources */,
			);
			runOnlyForDeploymentPostprocessing = 0;
		};
		100CE4EF2AD0A7D000B15748 /* Sources */ = {
			isa = PBXSourcesBuildPhase;
			buildActionMask = 2147483647;
			files = (
				100CE4F82AD0A7D000B15748 /* NavigationDemoUITests.swift in Sources */,
				100CE4FA2AD0A7D000B15748 /* NavigationDemoUITestsLaunchTests.swift in Sources */,
			);
			runOnlyForDeploymentPostprocessing = 0;
		};
/* End PBXSourcesBuildPhase section */

/* Begin PBXTargetDependency section */
		100CE4EB2AD0A7D000B15748 /* PBXTargetDependency */ = {
			isa = PBXTargetDependency;
			target = 100CE4D72AD0A7CC00B15748 /* NavigationDemo */;
			targetProxy = 100CE4EA2AD0A7D000B15748 /* PBXContainerItemProxy */;
		};
		100CE4F52AD0A7D000B15748 /* PBXTargetDependency */ = {
			isa = PBXTargetDependency;
			target = 100CE4D72AD0A7CC00B15748 /* NavigationDemo */;
			targetProxy = 100CE4F42AD0A7D000B15748 /* PBXContainerItemProxy */;
		};
/* End PBXTargetDependency section */

/* Begin XCBuildConfiguration section */
		100CE4FB2AD0A7D000B15748 /* Debug */ = {
			isa = XCBuildConfiguration;
			buildSettings = {
				ALWAYS_SEARCH_USER_PATHS = NO;
				ASSETCATALOG_COMPILER_GENERATE_SWIFT_ASSET_SYMBOL_EXTENSIONS = YES;
				CLANG_ANALYZER_NONNULL = YES;
				CLANG_ANALYZER_NUMBER_OBJECT_CONVERSION = YES_AGGRESSIVE;
				CLANG_CXX_LANGUAGE_STANDARD = "gnu++20";
				CLANG_ENABLE_MODULES = YES;
				CLANG_ENABLE_OBJC_ARC = YES;
				CLANG_ENABLE_OBJC_WEAK = YES;
				CLANG_WARN_BLOCK_CAPTURE_AUTORELEASING = YES;
				CLANG_WARN_BOOL_CONVERSION = YES;
				CLANG_WARN_COMMA = YES;
				CLANG_WARN_CONSTANT_CONVERSION = YES;
				CLANG_WARN_DEPRECATED_OBJC_IMPLEMENTATIONS = YES;
				CLANG_WARN_DIRECT_OBJC_ISA_USAGE = YES_ERROR;
				CLANG_WARN_DOCUMENTATION_COMMENTS = YES;
				CLANG_WARN_EMPTY_BODY = YES;
				CLANG_WARN_ENUM_CONVERSION = YES;
				CLANG_WARN_INFINITE_RECURSION = YES;
				CLANG_WARN_INT_CONVERSION = YES;
				CLANG_WARN_NON_LITERAL_NULL_CONVERSION = YES;
				CLANG_WARN_OBJC_IMPLICIT_RETAIN_SELF = YES;
				CLANG_WARN_OBJC_LITERAL_CONVERSION = YES;
				CLANG_WARN_OBJC_ROOT_CLASS = YES_ERROR;
				CLANG_WARN_QUOTED_INCLUDE_IN_FRAMEWORK_HEADER = YES;
				CLANG_WARN_RANGE_LOOP_ANALYSIS = YES;
				CLANG_WARN_STRICT_PROTOTYPES = YES;
				CLANG_WARN_SUSPICIOUS_MOVE = YES;
				CLANG_WARN_UNGUARDED_AVAILABILITY = YES_AGGRESSIVE;
				CLANG_WARN_UNREACHABLE_CODE = YES;
				CLANG_WARN__DUPLICATE_METHOD_MATCH = YES;
				COPY_PHASE_STRIP = NO;
				DEBUG_INFORMATION_FORMAT = dwarf;
				ENABLE_STRICT_OBJC_MSGSEND = YES;
				ENABLE_TESTABILITY = YES;
				ENABLE_USER_SCRIPT_SANDBOXING = YES;
				GCC_C_LANGUAGE_STANDARD = gnu17;
				GCC_DYNAMIC_NO_PIC = NO;
				GCC_NO_COMMON_BLOCKS = YES;
				GCC_OPTIMIZATION_LEVEL = 0;
				GCC_PREPROCESSOR_DEFINITIONS = (
					"DEBUG=1",
					"$(inherited)",
				);
				GCC_WARN_64_TO_32_BIT_CONVERSION = YES;
				GCC_WARN_ABOUT_RETURN_TYPE = YES_ERROR;
				GCC_WARN_UNDECLARED_SELECTOR = YES;
				GCC_WARN_UNINITIALIZED_AUTOS = YES_AGGRESSIVE;
				GCC_WARN_UNUSED_FUNCTION = YES;
				GCC_WARN_UNUSED_VARIABLE = YES;
				LOCALIZATION_PREFERS_STRING_CATALOGS = YES;
				MTL_ENABLE_DEBUG_INFO = INCLUDE_SOURCE;
				MTL_FAST_MATH = YES;
				ONLY_ACTIVE_ARCH = YES;
				SWIFT_ACTIVE_COMPILATION_CONDITIONS = "DEBUG $(inherited)";
				SWIFT_OPTIMIZATION_LEVEL = "-Onone";
			};
			name = Debug;
		};
		100CE4FC2AD0A7D000B15748 /* Release */ = {
			isa = XCBuildConfiguration;
			buildSettings = {
				ALWAYS_SEARCH_USER_PATHS = NO;
				ASSETCATALOG_COMPILER_GENERATE_SWIFT_ASSET_SYMBOL_EXTENSIONS = YES;
				CLANG_ANALYZER_NONNULL = YES;
				CLANG_ANALYZER_NUMBER_OBJECT_CONVERSION = YES_AGGRESSIVE;
				CLANG_CXX_LANGUAGE_STANDARD = "gnu++20";
				CLANG_ENABLE_MODULES = YES;
				CLANG_ENABLE_OBJC_ARC = YES;
				CLANG_ENABLE_OBJC_WEAK = YES;
				CLANG_WARN_BLOCK_CAPTURE_AUTORELEASING = YES;
				CLANG_WARN_BOOL_CONVERSION = YES;
				CLANG_WARN_COMMA = YES;
				CLANG_WARN_CONSTANT_CONVERSION = YES;
				CLANG_WARN_DEPRECATED_OBJC_IMPLEMENTATIONS = YES;
				CLANG_WARN_DIRECT_OBJC_ISA_USAGE = YES_ERROR;
				CLANG_WARN_DOCUMENTATION_COMMENTS = YES;
				CLANG_WARN_EMPTY_BODY = YES;
				CLANG_WARN_ENUM_CONVERSION = YES;
				CLANG_WARN_INFINITE_RECURSION = YES;
				CLANG_WARN_INT_CONVERSION = YES;
				CLANG_WARN_NON_LITERAL_NULL_CONVERSION = YES;
				CLANG_WARN_OBJC_IMPLICIT_RETAIN_SELF = YES;
				CLANG_WARN_OBJC_LITERAL_CONVERSION = YES;
				CLANG_WARN_OBJC_ROOT_CLASS = YES_ERROR;
				CLANG_WARN_QUOTED_INCLUDE_IN_FRAMEWORK_HEADER = YES;
				CLANG_WARN_RANGE_LOOP_ANALYSIS = YES;
				CLANG_WARN_STRICT_PROTOTYPES = YES;
				CLANG_WARN_SUSPICIOUS_MOVE = YES;
				CLANG_WARN_UNGUARDED_AVAILABILITY = YES_AGGRESSIVE;
				CLANG_WARN_UNREACHABLE_CODE = YES;
				CLANG_WARN__DUPLICATE_METHOD_MATCH = YES;
				COPY_PHASE_STRIP = NO;
				DEBUG_INFORMATION_FORMAT = "dwarf-with-dsym";
				ENABLE_NS_ASSERTIONS = NO;
				ENABLE_STRICT_OBJC_MSGSEND = YES;
				ENABLE_USER_SCRIPT_SANDBOXING = YES;
				GCC_C_LANGUAGE_STANDARD = gnu17;
				GCC_NO_COMMON_BLOCKS = YES;
				GCC_WARN_64_TO_32_BIT_CONVERSION = YES;
				GCC_WARN_ABOUT_RETURN_TYPE = YES_ERROR;
				GCC_WARN_UNDECLARED_SELECTOR = YES;
				GCC_WARN_UNINITIALIZED_AUTOS = YES_AGGRESSIVE;
				GCC_WARN_UNUSED_FUNCTION = YES;
				GCC_WARN_UNUSED_VARIABLE = YES;
				LOCALIZATION_PREFERS_STRING_CATALOGS = YES;
				MTL_ENABLE_DEBUG_INFO = NO;
				MTL_FAST_MATH = YES;
				SWIFT_COMPILATION_MODE = wholemodule;
			};
			name = Release;
		};
		100CE4FE2AD0A7D000B15748 /* Debug */ = {
			isa = XCBuildConfiguration;
			buildSettings = {
				ASSETCATALOG_COMPILER_APPICON_NAME = AppIcon;
				ASSETCATALOG_COMPILER_GLOBAL_ACCENT_COLOR_NAME = AccentColor;
				CODE_SIGN_ENTITLEMENTS = NavigationDemo/NavigationDemo.entitlements;
				CODE_SIGN_IDENTITY = "Apple Development";
				CODE_SIGN_STYLE = Automatic;
				CURRENT_PROJECT_VERSION = 1;
				DEVELOPMENT_ASSET_PATHS = "\"NavigationDemo/Preview Content\"";
				DEVELOPMENT_TEAM = TW39C5748U;
				ENABLE_HARDENED_RUNTIME = YES;
				ENABLE_PREVIEWS = YES;
				GENERATE_INFOPLIST_FILE = YES;
				"INFOPLIST_KEY_UIApplicationSceneManifest_Generation[sdk=iphoneos*]" = YES;
				"INFOPLIST_KEY_UIApplicationSceneManifest_Generation[sdk=iphonesimulator*]" = YES;
				"INFOPLIST_KEY_UIApplicationSupportsIndirectInputEvents[sdk=iphoneos*]" = YES;
				"INFOPLIST_KEY_UIApplicationSupportsIndirectInputEvents[sdk=iphonesimulator*]" = YES;
				"INFOPLIST_KEY_UILaunchScreen_Generation[sdk=iphoneos*]" = YES;
				"INFOPLIST_KEY_UILaunchScreen_Generation[sdk=iphonesimulator*]" = YES;
				"INFOPLIST_KEY_UIStatusBarStyle[sdk=iphoneos*]" = UIStatusBarStyleDefault;
				"INFOPLIST_KEY_UIStatusBarStyle[sdk=iphonesimulator*]" = UIStatusBarStyleDefault;
				INFOPLIST_KEY_UISupportedInterfaceOrientations_iPad = "UIInterfaceOrientationPortrait UIInterfaceOrientationPortraitUpsideDown UIInterfaceOrientationLandscapeLeft UIInterfaceOrientationLandscapeRight";
				INFOPLIST_KEY_UISupportedInterfaceOrientations_iPhone = "UIInterfaceOrientationPortrait UIInterfaceOrientationLandscapeLeft UIInterfaceOrientationLandscapeRight";
				IPHONEOS_DEPLOYMENT_TARGET = 16.0;
				LD_RUNPATH_SEARCH_PATHS = "@executable_path/Frameworks";
				"LD_RUNPATH_SEARCH_PATHS[sdk=macosx*]" = "@executable_path/../Frameworks";
				MACOSX_DEPLOYMENT_TARGET = 13.5;
				MARKETING_VERSION = 1.0;
				PRODUCT_BUNDLE_IDENTIFIER = niha.navigation.demo;
				PRODUCT_NAME = "$(TARGET_NAME)";
				PROVISIONING_PROFILE_SPECIFIER = "";
				SDKROOT = auto;
				SUPPORTED_PLATFORMS = "iphoneos iphonesimulator macosx";
				SWIFT_EMIT_LOC_STRINGS = YES;
				SWIFT_VERSION = 5.0;
				TARGETED_DEVICE_FAMILY = "1,2";
			};
			name = Debug;
		};
		100CE4FF2AD0A7D000B15748 /* Release */ = {
			isa = XCBuildConfiguration;
			buildSettings = {
				ASSETCATALOG_COMPILER_APPICON_NAME = AppIcon;
				ASSETCATALOG_COMPILER_GLOBAL_ACCENT_COLOR_NAME = AccentColor;
				CODE_SIGN_ENTITLEMENTS = NavigationDemo/NavigationDemo.entitlements;
				CODE_SIGN_IDENTITY = "Apple Development";
				CODE_SIGN_STYLE = Automatic;
				CURRENT_PROJECT_VERSION = 1;
				DEVELOPMENT_ASSET_PATHS = "\"NavigationDemo/Preview Content\"";
				DEVELOPMENT_TEAM = TW39C5748U;
				ENABLE_HARDENED_RUNTIME = YES;
				ENABLE_PREVIEWS = YES;
				GENERATE_INFOPLIST_FILE = YES;
				"INFOPLIST_KEY_UIApplicationSceneManifest_Generation[sdk=iphoneos*]" = YES;
				"INFOPLIST_KEY_UIApplicationSceneManifest_Generation[sdk=iphonesimulator*]" = YES;
				"INFOPLIST_KEY_UIApplicationSupportsIndirectInputEvents[sdk=iphoneos*]" = YES;
				"INFOPLIST_KEY_UIApplicationSupportsIndirectInputEvents[sdk=iphonesimulator*]" = YES;
				"INFOPLIST_KEY_UILaunchScreen_Generation[sdk=iphoneos*]" = YES;
				"INFOPLIST_KEY_UILaunchScreen_Generation[sdk=iphonesimulator*]" = YES;
				"INFOPLIST_KEY_UIStatusBarStyle[sdk=iphoneos*]" = UIStatusBarStyleDefault;
				"INFOPLIST_KEY_UIStatusBarStyle[sdk=iphonesimulator*]" = UIStatusBarStyleDefault;
				INFOPLIST_KEY_UISupportedInterfaceOrientations_iPad = "UIInterfaceOrientationPortrait UIInterfaceOrientationPortraitUpsideDown UIInterfaceOrientationLandscapeLeft UIInterfaceOrientationLandscapeRight";
				INFOPLIST_KEY_UISupportedInterfaceOrientations_iPhone = "UIInterfaceOrientationPortrait UIInterfaceOrientationLandscapeLeft UIInterfaceOrientationLandscapeRight";
				IPHONEOS_DEPLOYMENT_TARGET = 16.0;
				LD_RUNPATH_SEARCH_PATHS = "@executable_path/Frameworks";
				"LD_RUNPATH_SEARCH_PATHS[sdk=macosx*]" = "@executable_path/../Frameworks";
				MACOSX_DEPLOYMENT_TARGET = 13.5;
				MARKETING_VERSION = 1.0;
				PRODUCT_BUNDLE_IDENTIFIER = niha.navigation.demo;
				PRODUCT_NAME = "$(TARGET_NAME)";
				PROVISIONING_PROFILE_SPECIFIER = "";
				SDKROOT = auto;
				SUPPORTED_PLATFORMS = "iphoneos iphonesimulator macosx";
				SWIFT_EMIT_LOC_STRINGS = YES;
				SWIFT_VERSION = 5.0;
				TARGETED_DEVICE_FAMILY = "1,2";
			};
			name = Release;
		};
		100CE5012AD0A7D000B15748 /* Debug */ = {
			isa = XCBuildConfiguration;
			buildSettings = {
				ALWAYS_EMBED_SWIFT_STANDARD_LIBRARIES = YES;
				BUNDLE_LOADER = "$(TEST_HOST)";
				CODE_SIGN_STYLE = Automatic;
				CURRENT_PROJECT_VERSION = 1;
				DEVELOPMENT_TEAM = TW39C5748U;
				GENERATE_INFOPLIST_FILE = YES;
				IPHONEOS_DEPLOYMENT_TARGET = 17.0;
				MACOSX_DEPLOYMENT_TARGET = 13.5;
				MARKETING_VERSION = 1.0;
				PRODUCT_BUNDLE_IDENTIFIER = niha.NavigationDemoTests;
				PRODUCT_NAME = "$(TARGET_NAME)";
				SDKROOT = auto;
				SUPPORTED_PLATFORMS = "iphoneos iphonesimulator macosx";
				SWIFT_EMIT_LOC_STRINGS = NO;
				SWIFT_VERSION = 5.0;
				TARGETED_DEVICE_FAMILY = "1,2";
				TEST_HOST = "$(BUILT_PRODUCTS_DIR)/NavigationDemo.app/$(BUNDLE_EXECUTABLE_FOLDER_PATH)/NavigationDemo";
			};
			name = Debug;
		};
		100CE5022AD0A7D000B15748 /* Release */ = {
			isa = XCBuildConfiguration;
			buildSettings = {
				ALWAYS_EMBED_SWIFT_STANDARD_LIBRARIES = YES;
				BUNDLE_LOADER = "$(TEST_HOST)";
				CODE_SIGN_STYLE = Automatic;
				CURRENT_PROJECT_VERSION = 1;
				DEVELOPMENT_TEAM = TW39C5748U;
				GENERATE_INFOPLIST_FILE = YES;
				IPHONEOS_DEPLOYMENT_TARGET = 17.0;
				MACOSX_DEPLOYMENT_TARGET = 13.5;
				MARKETING_VERSION = 1.0;
				PRODUCT_BUNDLE_IDENTIFIER = niha.NavigationDemoTests;
				PRODUCT_NAME = "$(TARGET_NAME)";
				SDKROOT = auto;
				SUPPORTED_PLATFORMS = "iphoneos iphonesimulator macosx";
				SWIFT_EMIT_LOC_STRINGS = NO;
				SWIFT_VERSION = 5.0;
				TARGETED_DEVICE_FAMILY = "1,2";
				TEST_HOST = "$(BUILT_PRODUCTS_DIR)/NavigationDemo.app/$(BUNDLE_EXECUTABLE_FOLDER_PATH)/NavigationDemo";
			};
			name = Release;
		};
		100CE5042AD0A7D000B15748 /* Debug */ = {
			isa = XCBuildConfiguration;
			buildSettings = {
				ALWAYS_EMBED_SWIFT_STANDARD_LIBRARIES = YES;
				CODE_SIGN_STYLE = Automatic;
				CURRENT_PROJECT_VERSION = 1;
				DEVELOPMENT_TEAM = TW39C5748U;
				GENERATE_INFOPLIST_FILE = YES;
				IPHONEOS_DEPLOYMENT_TARGET = 17.0;
				MACOSX_DEPLOYMENT_TARGET = 13.5;
				MARKETING_VERSION = 1.0;
				PRODUCT_BUNDLE_IDENTIFIER = niha.NavigationDemoUITests;
				PRODUCT_NAME = "$(TARGET_NAME)";
				SDKROOT = auto;
				SUPPORTED_PLATFORMS = "iphoneos iphonesimulator macosx";
				SWIFT_EMIT_LOC_STRINGS = NO;
				SWIFT_VERSION = 5.0;
				TARGETED_DEVICE_FAMILY = "1,2";
				TEST_TARGET_NAME = NavigationDemo;
			};
			name = Debug;
		};
		100CE5052AD0A7D000B15748 /* Release */ = {
			isa = XCBuildConfiguration;
			buildSettings = {
				ALWAYS_EMBED_SWIFT_STANDARD_LIBRARIES = YES;
				CODE_SIGN_STYLE = Automatic;
				CURRENT_PROJECT_VERSION = 1;
				DEVELOPMENT_TEAM = TW39C5748U;
				GENERATE_INFOPLIST_FILE = YES;
				IPHONEOS_DEPLOYMENT_TARGET = 17.0;
				MACOSX_DEPLOYMENT_TARGET = 13.5;
				MARKETING_VERSION = 1.0;
				PRODUCT_BUNDLE_IDENTIFIER = niha.NavigationDemoUITests;
				PRODUCT_NAME = "$(TARGET_NAME)";
				SDKROOT = auto;
				SUPPORTED_PLATFORMS = "iphoneos iphonesimulator macosx";
				SWIFT_EMIT_LOC_STRINGS = NO;
				SWIFT_VERSION = 5.0;
				TARGETED_DEVICE_FAMILY = "1,2";
				TEST_TARGET_NAME = NavigationDemo;
			};
			name = Release;
		};
/* End XCBuildConfiguration section */

/* Begin XCConfigurationList section */
		100CE4D32AD0A7CC00B15748 /* Build configuration list for PBXProject "NavigationDemo" */ = {
			isa = XCConfigurationList;
			buildConfigurations = (
				100CE4FB2AD0A7D000B15748 /* Debug */,
				100CE4FC2AD0A7D000B15748 /* Release */,
			);
			defaultConfigurationIsVisible = 0;
			defaultConfigurationName = Release;
		};
		100CE4FD2AD0A7D000B15748 /* Build configuration list for PBXNativeTarget "NavigationDemo" */ = {
			isa = XCConfigurationList;
			buildConfigurations = (
				100CE4FE2AD0A7D000B15748 /* Debug */,
				100CE4FF2AD0A7D000B15748 /* Release */,
			);
			defaultConfigurationIsVisible = 0;
			defaultConfigurationName = Release;
		};
		100CE5002AD0A7D000B15748 /* Build configuration list for PBXNativeTarget "NavigationDemoTests" */ = {
			isa = XCConfigurationList;
			buildConfigurations = (
				100CE5012AD0A7D000B15748 /* Debug */,
				100CE5022AD0A7D000B15748 /* Release */,
			);
			defaultConfigurationIsVisible = 0;
			defaultConfigurationName = Release;
		};
		100CE5032AD0A7D000B15748 /* Build configuration list for PBXNativeTarget "NavigationDemoUITests" */ = {
			isa = XCConfigurationList;
			buildConfigurations = (
				100CE5042AD0A7D000B15748 /* Debug */,
				100CE5052AD0A7D000B15748 /* Release */,
			);
			defaultConfigurationIsVisible = 0;
			defaultConfigurationName = Release;
		};
/* End XCConfigurationList section */
	};
	rootObject = 100CE4D02AD0A7CC00B15748 /* Project object */;
}
